{
  "lockfile_version": "1",
  "packages": {
    "github:NixOS/nixpkgs/nixpkgs-unstable": {
      "last_modified": "2026-08-11T01:00:43Z",
      "resolved": "github:NixOS/nixpkgs/8e2eeb9477c9d40009a5bd51cd3eef2f5abb26f1?lastModified=1786410043"
    },
    "nodejs@22.23.2": {
      "last_modified": "2026-08-12T11:28:58Z",
      "plugin_version": "0.0.4",
      "resolved": "github:NixOS/nixpkgs/044bfe75bfe4c7bbe043dc17b5e42ea823b84a09#nodejs_22",
      "source": "devbox-search",
      "version": "22.23.2",
      "systems": {
        "aarch64-darwin": {
          "outputs": [
            {
              "name": "out",
              "path": "/nix/store/ns9a9c245s35mxq4arv4pyf3jvb2dh0i-nodejs-22.23.2",
              "default": true
            }
          ],
          "store_path": "/nix/store/ns9a9c245s35mxq4arv4pyf3jvb2dh0i-nodejs-22.23.2"
        },
        "aarch64-linux": {
          "outputs": [
            {
              "name": "out",
              "path": "/nix/store/3xbw25h18j51wl7xd28ini307d07wfrh-nodejs-22.23.2",
              "default": true
            }
          ],
          "store_path": "/nix/store/3xbw25h18j51wl7xd28ini307d07wfrh-nodejs-22.23.2"
        },
        "x86_64-linux": {
          "outputs": [
            {
              "name": "out",
              "path": "/nix/store/hyw97nxddgxfc6ag6db87rnawss2pw1a-nodejs-22.23.2",
              "default": true
            }
          ],
          "store_path": "/nix/store/hyw97nxddgxfc6ag6db87rnawss2pw1a-nodejs-22.23.2"
        }
      }
    }
  }
}
